
Microsoft Visual Studio Solution File, Format Version 12.00
# Visual Studio Version 16
VisualStudioVersion = 16.0.32126.315
MinimumVisualStudioVersion = 10.0.40219.1
Project("{FAE04EC0-301F-11D3-BF4B-00C04F79EFBC}") = "VendingMachineGUI", "VendingMachineGUI\VendingMachineGUI.csproj", "{5D24FACD-4DF4-4B09-85C7-CA84D69E2EE1}"
EndProject
Global
	GlobalSection(SolutionConfigurationPlatforms) = preSolution
		Debug|Any CPU = Debug|Any CPU
		Release|Any CPU = Release|Any CPU
	EndGlobalSection
	GlobalSection(ProjectConfigurationPlatforms) = postSolution
		{5D24FACD-4DF4-4B09-85C7-CA84D69E2EE1}.Debug|Any CPU.ActiveCfg = Debug|Any CPU
		{5D24FACD-4DF4-4B09-85C7-CA84D69E2EE1}.Debug|Any CPU.Build.0 = Debug|Any CPU
		{5D24FACD-4DF4-4B09-85C7-CA84D69E2EE1}.Release|Any CPU.ActiveCfg = Release|Any CPU
		{5D24FACD-4DF4-4B09-85C7-CA84D69E2EE1}.Release|Any CPU.Build.0 = Release|Any CPU
	EndGlobalSection
	GlobalSection(SolutionProperties) = preSolution
		HideSolutionNode = FALSE
	EndGlobalSection
	GlobalSection(ExtensibilityGlobals) = postSolution
		SolutionGuid = {6D2FCD5E-999A-4D2C-86CB-7D170586C928}
	EndGlobalSection
EndGlobal
